// !$*UTF8*$!
{
	archiveVersion = 1;
	classes = {
	};
	objectVersion = 77;
	objects = {

/* Begin PBXBuildFile section */
		110E4393AF16575524CD1187 /* Palette.swift in Sources */ = {isa = PBXBuildFile; fileRef = 72AEB78ECF448002DED9032D /* Palette.swift */; };
		133A3F1CCFE153E48398B1C2 /* PracticeScreen.swift in Sources */ = {isa = PBXBuildFile; fileRef = F22D9CED3053FBC51802D2C8 /* PracticeScreen.swift */; };
		1AA606682321D01D3BF2D913 /* LiveWaveformView.swift in Sources */ = {isa = PBXBuildFile; fileRef = AA1AE03D6731E10B08753BD5 /* LiveWaveformView.swift */; };
		1C1314AB702ADBBC459B2CF6 /* AudioToolbox.framework in Frameworks */ = {isa = PBXBuildFile; fileRef = EE4A3F2D5B7DB98AF17797D1 /* AudioToolbox.framework */; };
		1E46B430296F33C2395A9AA5 /* Haptics.swift in Sources */ = {isa = PBXBuildFile; fileRef = 842E44127C6B684D7760B0CF /* Haptics.swift */; };
		291C2170DD4E4754A878E90C /* SceneGlyph.swift in Sources */ = {isa = PBXBuildFile; fileRef = 0BC7B8650E2F8668E3AE84F0 /* SceneGlyph.swift */; };
		2B550F038E422E1013055060 /* RootView.swift in Sources */ = {isa = PBXBuildFile; fileRef = D13A5BAE3DF667A9B2392D5A /* RootView.swift */; };
		2E6ED37B9123DECA0382ABCD /* audio in Resources */ = {isa = PBXBuildFile; fileRef = 8038DC02E41F2BBBD06E91C3 /* audio */; };
		323A638081F8A31AEBBDAFAB /* ResultScreen.swift in Sources */ = {isa = PBXBuildFile; fileRef = B7FC31FCB2729BB0EC622A0F /* ResultScreen.swift */; };
		351E055C965A92885F32694C /* FeedbackCard.swift in Sources */ = {isa = PBXBuildFile; fileRef = 3AA37D3D2BA34F4F41A13871 /* FeedbackCard.swift */; };
		4002A457A3C0D7F0A9DAADD9 /* ExamScreen.swift in Sources */ = {isa = PBXBuildFile; fileRef = D904D480C80178E955492A06 /* ExamScreen.swift */; };
		48883001700297ECD4E32E31 /* PronunciationScorer.swift in Sources */ = {isa = PBXBuildFile; fileRef = 849B93D4AB5432F697EE7EF6 /* PronunciationScorer.swift */; };
		52526179B4F9973EDF1FB8C0 /* AuthManager.swift in Sources */ = {isa = PBXBuildFile; fileRef = 3F623E8C710118EBD3DD23A1 /* AuthManager.swift */; };
		5410A8928BB40F12833DE0F9 /* SceneDetailScreen.swift in Sources */ = {isa = PBXBuildFile; fileRef = BD2BC5D12DFD77686E73B66E /* SceneDetailScreen.swift */; };
		592F91EDB137BF828DF16B99 /* FileDataSource.m in Sources */ = {isa = PBXBuildFile; fileRef = C5D85C47D9866025F8ABE809 /* FileDataSource.m */; };
		5B31A83BCC66E0D23E1BAD78 /* CoreAudioKit.framework in Frameworks */ = {isa = PBXBuildFile; fileRef = 1C8323A8C6FA5AB165893CA2 /* CoreAudioKit.framework */; };
		6B601D1890BFBB6B82A13C7D /* QCloudSOE.xcframework in Embed Frameworks */ = {isa = PBXBuildFile; fileRef = 6C20F584E41AD901784FCA76 /* QCloudSOE.xcframework */; settings = {ATTRIBUTES = (CodeSignOnCopy, RemoveHeadersOnCopy, ); }; };
		7E01345DEE04B7216A4605D1 /* Models.swift in Sources */ = {isa = PBXBuildFile; fileRef = 6363152520A8B285D1A0EB43 /* Models.swift */; };
		88A52EF1D5CEFF04499275C6 /* ScenesScreen.swift in Sources */ = {isa = PBXBuildFile; fileRef = 4B94A98A3DF529F61F7C8B0D /* ScenesScreen.swift */; };
		89D636B6A9BB8FE520F06E12 /* rosie-speak.png in Resources */ = {isa = PBXBuildFile; fileRef = BAC298D5DEA2AFBD541BD5FA /* rosie-speak.png */; };
		90237F340717F5FE451355E8 /* QCloudSOE.xcframework in Frameworks */ = {isa = PBXBuildFile; fileRef = 6C20F584E41AD901784FCA76 /* QCloudSOE.xcframework */; };
		9ADD7AAEF476173C42E32F9D /* ThemeManager.swift in Sources */ = {isa = PBXBuildFile; fileRef = BCF27ABDC977288ACB93945E /* ThemeManager.swift */; };
		9C144C283D05ED164CC1CC9A /* SpeakApp.swift in Sources */ = {isa = PBXBuildFile; fileRef = A80FCB51C25AC83E52659DB4 /* SpeakApp.swift */; };
		A45835F337F2FBD92EB01537 /* VoiceCommon.xcframework in Embed Frameworks */ = {isa = PBXBuildFile; fileRef = F069F33CB795919CC46BBEF6 /* VoiceCommon.xcframework */; settings = {ATTRIBUTES = (CodeSignOnCopy, RemoveHeadersOnCopy, ); }; };
		B5D2616CBEAF896585BBE2CA /* Buttons.swift in Sources */ = {isa = PBXBuildFile; fileRef = 8CFB6B37551B951606DB017F /* Buttons.swift */; };
		B66FFC447238D4681CD750A7 /* AudioSessionCoordinator.swift in Sources */ = {isa = PBXBuildFile; fileRef = A5C0CE2C4C0DEBD825995905 /* AudioSessionCoordinator.swift */; };
		B75750D338ACC895557DD48E /* libc++.tbd in Frameworks */ = {isa = PBXBuildFile; fileRef = 57C950AC438FCF8B853C9CEA /* libc++.tbd */; };
		B9F637D41C2500110F950548 /* ReviewScreen.swift in Sources */ = {isa = PBXBuildFile; fileRef = 78A2D653EA9C5F521522FAEB /* ReviewScreen.swift */; };
		BF2A6F14A89A243F77BAB65B /* SceneRepository.swift in Sources */ = {isa = PBXBuildFile; fileRef = C6408606430974186B6146B0 /* SceneRepository.swift */; };
		C1145844A05E9D6796A04FCF /* SpeechRecorder.swift in Sources */ = {isa = PBXBuildFile; fileRef = 0B278C80F31D276911C9D735 /* SpeechRecorder.swift */; };
		C21A5435240782E528829F01 /* Chip.swift in Sources */ = {isa = PBXBuildFile; fileRef = 7A55D29D6BF04A877309C840 /* Chip.swift */; };
		C256420646CFCFDC9115F9DC /* SpeechSpeaker.swift in Sources */ = {isa = PBXBuildFile; fileRef = F47046220A4463C20FA64EAF /* SpeechSpeaker.swift */; };
		C28CA29BB6394E930FA5937A /* PlantIcon.swift in Sources */ = {isa = PBXBuildFile; fileRef = 4CEC8091605D23C3E2DA2210 /* PlantIcon.swift */; };
		CA2262C21089B43AAEC9C90A /* AudioLibrary.swift in Sources */ = {isa = PBXBuildFile; fileRef = 8152D90230730D78582114FD /* AudioLibrary.swift */; };
		CA92A9A7565A3F02F1FFBB45 /* TencentSOE.swift in Sources */ = {isa = PBXBuildFile; fileRef = D95596331B2B52056B1C609D /* TencentSOE.swift */; };
		D413540260B6336A0A7B7A63 /* HomeScreen.swift in Sources */ = {isa = PBXBuildFile; fileRef = 9F3CFA39D2B2AB721788A79D /* HomeScreen.swift */; };
		D6A1C9CFA23D90B13ADDF19C /* Typography.swift in Sources */ = {isa = PBXBuildFile; fileRef = EF14997F94AF2D37789D7516 /* Typography.swift */; };
		D6F017E4D95952977C9B1678 /* PracticeLog.swift in Sources */ = {isa = PBXBuildFile; fileRef = 32B74C667154E1D79E71236B /* PracticeLog.swift */; };
		D86741E4BBB48395FD752485 /* CoreAudio.framework in Frameworks */ = {isa = PBXBuildFile; fileRef = 5BB040183781532EB694982B /* CoreAudio.framework */; };
		DC82C53B17162668D5708B52 /* GrowthPanel.swift in Sources */ = {isa = PBXBuildFile; fileRef = 8E1024BF11441B0DF13DB433 /* GrowthPanel.swift */; };
		DFB4613F8BA3E688A02B6913 /* Assets.xcassets in Resources */ = {isa = PBXBuildFile; fileRef = 7D729E71748796045856E105 /* Assets.xcassets */; };
		E7CF3483E73FE7849B15F670 /* AppStore.swift in Sources */ = {isa = PBXBuildFile; fileRef = A69C77D2791A520641FD166B /* AppStore.swift */; };
		EAAC20EBF3CC2FE96494D079 /* SOESecrets.swift in Sources */ = {isa = PBXBuildFile; fileRef = 04DB6E03DFB1527ECCF656ED /* SOESecrets.swift */; };
		F2D8A6C19F92BA61D2CB1CFA /* scenes.json in Resources */ = {isa = PBXBuildFile; fileRef = D7C6FAAFC055C6990C65E156 /* scenes.json */; };
		F77DFE216446AAC6E10FD013 /* VoiceCommon.xcframework in Frameworks */ = {isa = PBXBuildFile; fileRef = F069F33CB795919CC46BBEF6 /* VoiceCommon.xcframework */; };
		FD47AC6E228E3AC95A810DDC /* MeScreen.swift in Sources */ = {isa = PBXBuildFile; fileRef = CCA2932A0BB97506B55B8016 /* MeScreen.swift */; };
		FD4D7F1A1F76BA37414AC5AB /* LoginScreen.swift in Sources */ = {isa = PBXBuildFile; fileRef = 0BA03E48CA22DA7AB869821E /* LoginScreen.swift */; };
/* End PBXBuildFile section */

/* Begin PBXCopyFilesBuildPhase section */
		CB57DD86E97769A34616D536 /* Embed Frameworks */ = {
			isa = PBXCopyFilesBuildPhase;
			buildActionMask = 2147483647;
			dstPath = "";
			dstSubfolderSpec = 10;
			files = (
				6B601D1890BFBB6B82A13C7D /* QCloudSOE.xcframework in Embed Frameworks */,
				A45835F337F2FBD92EB01537 /* VoiceCommon.xcframework in Embed Frameworks */,
			);
			name = "Embed Frameworks";
			runOnlyForDeploymentPostprocessing = 0;
		};
/* End PBXCopyFilesBuildPhase section */

/* Begin PBXFileReference section */
		04DB6E03DFB1527ECCF656ED /* SOESecrets.swift */ = {isa = PBXFileReference; lastKnownFileType = sourcecode.swift; path = SOESecrets.swift; sourceTree = "<group>"; };
		0B278C80F31D276911C9D735 /* SpeechRecorder.swift */ = {isa = PBXFileReference; lastKnownFileType = sourcecode.swift; path = SpeechRecorder.swift; sourceTree = "<group>"; };
		0BA03E48CA22DA7AB869821E /* LoginScreen.swift */ = {isa = PBXFileReference; lastKnownFileType = sourcecode.swift; path = LoginScreen.swift; sourceTree = "<group>"; };
		0BC7B8650E2F8668E3AE84F0 /* SceneGlyph.swift */ = {isa = PBXFileReference; lastKnownFileType = sourcecode.swift; path = SceneGlyph.swift; sourceTree = "<group>"; };
		1C8323A8C6FA5AB165893CA2 /* CoreAudioKit.framework */ = {isa = PBXFileReference; lastKnownFileType = wrapper.framework; name = CoreAudioKit.framework; path = System/Library/Frameworks/CoreAudioKit.framework; sourceTree = SDKROOT; };
		32B74C667154E1D79E71236B /* PracticeLog.swift */ = {isa = PBXFileReference; lastKnownFileType = sourcecode.swift; path = PracticeLog.swift; sourceTree = "<group>"; };
		3AA37D3D2BA34F4F41A13871 /* FeedbackCard.swift */ = {isa = PBXFileReference; lastKnownFileType = sourcecode.swift; path = FeedbackCard.swift; sourceTree = "<group>"; };
		3F623E8C710118EBD3DD23A1 /* AuthManager.swift */ = {isa = PBXFileReference; lastKnownFileType = sourcecode.swift; path = AuthManager.swift; sourceTree = "<group>"; };
		4B94A98A3DF529F61F7C8B0D /* ScenesScreen.swift */ = {isa = PBXFileReference; lastKnownFileType = sourcecode.swift; path = ScenesScreen.swift; sourceTree = "<group>"; };
		4CEC8091605D23C3E2DA2210 /* PlantIcon.swift */ = {isa = PBXFileReference; lastKnownFileType = sourcecode.swift; path = PlantIcon.swift; sourceTree = "<group>"; };
		57C950AC438FCF8B853C9CEA /* libc++.tbd */ = {isa = PBXFileReference; lastKnownFileType = "sourcecode.text-based-dylib-definition"; name = "libc++.tbd"; path = "usr/lib/libc++.tbd"; sourceTree = SDKROOT; };
		5BB040183781532EB694982B /* CoreAudio.framework */ = {isa = PBXFileReference; lastKnownFileType = wrapper.framework; name = CoreAudio.framework; path = System/Library/Frameworks/CoreAudio.framework; sourceTree = SDKROOT; };
		6363152520A8B285D1A0EB43 /* Models.swift */ = {isa = PBXFileReference; lastKnownFileType = sourcecode.swift; path = Models.swift; sourceTree = "<group>"; };
		6C20F584E41AD901784FCA76 /* QCloudSOE.xcframework */ = {isa = PBXFileReference; lastKnownFileType = wrapper.xcframework; name = QCloudSOE.xcframework; path = Frameworks/QCloudSOE.xcframework; sourceTree = "<group>"; };
		72AEB78ECF448002DED9032D /* Palette.swift */ = {isa = PBXFileReference; lastKnownFileType = sourcecode.swift; path = Palette.swift; sourceTree = "<group>"; };
		78A2D653EA9C5F521522FAEB /* ReviewScreen.swift */ = {isa = PBXFileReference; lastKnownFileType = sourcecode.swift; path = ReviewScreen.swift; sourceTree = "<group>"; };
		7A55D29D6BF04A877309C840 /* Chip.swift */ = {isa = PBXFileReference; lastKnownFileType = sourcecode.swift; path = Chip.swift; sourceTree = "<group>"; };
		7D729E71748796045856E105 /* Assets.xcassets */ = {isa = PBXFileReference; lastKnownFileType = folder.assetcatalog; path = Assets.xcassets; sourceTree = "<group>"; };
		8038DC02E41F2BBBD06E91C3 /* audio */ = {isa = PBXFileReference; lastKnownFileType = folder; name = audio; path = Speak/Resources/audio; sourceTree = SOURCE_ROOT; };
		8152D90230730D78582114FD /* AudioLibrary.swift */ = {isa = PBXFileReference; lastKnownFileType = sourcecode.swift; path = AudioLibrary.swift; sourceTree = "<group>"; };
		842E44127C6B684D7760B0CF /* Haptics.swift */ = {isa = PBXFileReference; lastKnownFileType = sourcecode.swift; path = Haptics.swift; sourceTree = "<group>"; };
		849B93D4AB5432F697EE7EF6 /* PronunciationScorer.swift */ = {isa = PBXFileReference; lastKnownFileType = sourcecode.swift; path = PronunciationScorer.swift; sourceTree = "<group>"; };
		8CFB6B37551B951606DB017F /* Buttons.swift */ = {isa = PBXFileReference; lastKnownFileType = sourcecode.swift; path = Buttons.swift; sourceTree = "<group>"; };
		8E1024BF11441B0DF13DB433 /* GrowthPanel.swift */ = {isa = PBXFileReference; lastKnownFileType = sourcecode.swift; path = GrowthPanel.swift; sourceTree = "<group>"; };
		9F3CFA39D2B2AB721788A79D /* HomeScreen.swift */ = {isa = PBXFileReference; lastKnownFileType = sourcecode.swift; path = HomeScreen.swift; sourceTree = "<group>"; };
		A5C0CE2C4C0DEBD825995905 /* AudioSessionCoordinator.swift */ = {isa = PBXFileReference; lastKnownFileType = sourcecode.swift; path = AudioSessionCoordinator.swift; sourceTree = "<group>"; };
		A69C77D2791A520641FD166B /* AppStore.swift */ = {isa = PBXFileReference; lastKnownFileType = sourcecode.swift; path = AppStore.swift; sourceTree = "<group>"; };
		A80FCB51C25AC83E52659DB4 /* SpeakApp.swift */ = {isa = PBXFileReference; lastKnownFileType = sourcecode.swift; path = SpeakApp.swift; sourceTree = "<group>"; };
		AA1AE03D6731E10B08753BD5 /* LiveWaveformView.swift */ = {isa = PBXFileReference; lastKnownFileType = sourcecode.swift; path = LiveWaveformView.swift; sourceTree = "<group>"; };
		B7FC31FCB2729BB0EC622A0F /* ResultScreen.swift */ = {isa = PBXFileReference; lastKnownFileType = sourcecode.swift; path = ResultScreen.swift; sourceTree = "<group>"; };
		BAC298D5DEA2AFBD541BD5FA /* rosie-speak.png */ = {isa = PBXFileReference; lastKnownFileType = image.png; path = "rosie-speak.png"; sourceTree = "<group>"; };
		BCF27ABDC977288ACB93945E /* ThemeManager.swift */ = {isa = PBXFileReference; lastKnownFileType = sourcecode.swift; path = ThemeManager.swift; sourceTree = "<group>"; };
		BD2BC5D12DFD77686E73B66E /* SceneDetailScreen.swift */ = {isa = PBXFileReference; lastKnownFileType = sourcecode.swift; path = SceneDetailScreen.swift; sourceTree = "<group>"; };
		C4DFEEF3678C4928EB1E0FDC /* Speak-Bridging-Header.h */ = {isa = PBXFileReference; lastKnownFileType = sourcecode.c.h; path = "Speak-Bridging-Header.h"; sourceTree = "<group>"; };
		C5D85C47D9866025F8ABE809 /* FileDataSource.m */ = {isa = PBXFileReference; lastKnownFileType = sourcecode.c.objc; path = FileDataSource.m; sourceTree = "<group>"; };
		C6408606430974186B6146B0 /* SceneRepository.swift */ = {isa = PBXFileReference; lastKnownFileType = sourcecode.swift; path = SceneRepository.swift; sourceTree = "<group>"; };
		C8053313733A8336111B4F82 /* Speak.app */ = {isa = PBXFileReference; includeInIndex = 0; lastKnownFileType = wrapper.application; path = Speak.app; sourceTree = BUILT_PRODUCTS_DIR; };
		CCA2932A0BB97506B55B8016 /* MeScreen.swift */ = {isa = PBXFileReference; lastKnownFileType = sourcecode.swift; path = MeScreen.swift; sourceTree = "<group>"; };
		CE6BC5FAD2FA87C34FF21400 /* FileDataSource.h */ = {isa = PBXFileReference; lastKnownFileType = sourcecode.c.h; path = FileDataSource.h; sourceTree = "<group>"; };
		D13A5BAE3DF667A9B2392D5A /* RootView.swift */ = {isa = PBXFileReference; lastKnownFileType = sourcecode.swift; path = RootView.swift; sourceTree = "<group>"; };
		D7C6FAAFC055C6990C65E156 /* scenes.json */ = {isa = PBXFileReference; lastKnownFileType = text.json; path = scenes.json; sourceTree = "<group>"; };
		D904D480C80178E955492A06 /* ExamScreen.swift */ = {isa = PBXFileReference; lastKnownFileType = sourcecode.swift; path = ExamScreen.swift; sourceTree = "<group>"; };
		D95596331B2B52056B1C609D /* TencentSOE.swift */ = {isa = PBXFileReference; lastKnownFileType = sourcecode.swift; path = TencentSOE.swift; sourceTree = "<group>"; };
		EE4A3F2D5B7DB98AF17797D1 /* AudioToolbox.framework */ = {isa = PBXFileReference; lastKnownFileType = wrapper.framework; name = AudioToolbox.framework; path = System/Library/Frameworks/AudioToolbox.framework; sourceTree = SDKROOT; };
		EF14997F94AF2D37789D7516 /* Typography.swift */ = {isa = PBXFileReference; lastKnownFileType = sourcecode.swift; path = Typography.swift; sourceTree = "<group>"; };
		F069F33CB795919CC46BBEF6 /* VoiceCommon.xcframework */ = {isa = PBXFileReference; lastKnownFileType = wrapper.xcframework; name = VoiceCommon.xcframework; path = Frameworks/VoiceCommon.xcframework; sourceTree = "<group>"; };
		F22D9CED3053FBC51802D2C8 /* PracticeScreen.swift */ = {isa = PBXFileReference; lastKnownFileType = sourcecode.swift; path = PracticeScreen.swift; sourceTree = "<group>"; };
		F47046220A4463C20FA64EAF /* SpeechSpeaker.swift */ = {isa = PBXFileReference; lastKnownFileType = sourcecode.swift; path = SpeechSpeaker.swift; sourceTree = "<group>"; };
/* End PBXFileReference section */

/* Begin PBXFrameworksBuildPhase section */
		00B5CCBE5A55773FD138F993 /* Frameworks */ = {
			isa = PBXFrameworksBuildPhase;
			buildActionMask = 2147483647;
			files = (
				90237F340717F5FE451355E8 /* QCloudSOE.xcframework in Frameworks */,
				F77DFE216446AAC6E10FD013 /* VoiceCommon.xcframework in Frameworks */,
				B75750D338ACC895557DD48E /* libc++.tbd in Frameworks */,
				D86741E4BBB48395FD752485 /* CoreAudio.framework in Frameworks */,
				5B31A83BCC66E0D23E1BAD78 /* CoreAudioKit.framework in Frameworks */,
				1C1314AB702ADBBC459B2CF6 /* AudioToolbox.framework in Frameworks */,
			);
			runOnlyForDeploymentPostprocessing = 0;
		};
/* End PBXFrameworksBuildPhase section */

/* Begin PBXGroup section */
		0A02F83A9E0F5715D300A119 /* Auth */ = {
			isa = PBXGroup;
			children = (
				3F623E8C710118EBD3DD23A1 /* AuthManager.swift */,
				0BA03E48CA22DA7AB869821E /* LoginScreen.swift */,
			);
			path = Auth;
			sourceTree = "<group>";
		};
		1412C91C603DF5DF5627EEF0 /* SOE */ = {
			isa = PBXGroup;
			children = (
				CE6BC5FAD2FA87C34FF21400 /* FileDataSource.h */,
				C5D85C47D9866025F8ABE809 /* FileDataSource.m */,
				D95596331B2B52056B1C609D /* TencentSOE.swift */,
			);
			path = SOE;
			sourceTree = "<group>";
		};
		17C8003BBA94F775B40E1129 /* Theme */ = {
			isa = PBXGroup;
			children = (
				842E44127C6B684D7760B0CF /* Haptics.swift */,
				72AEB78ECF448002DED9032D /* Palette.swift */,
				BCF27ABDC977288ACB93945E /* ThemeManager.swift */,
				EF14997F94AF2D37789D7516 /* Typography.swift */,
			);
			path = Theme;
			sourceTree = "<group>";
		};
		2035E5609ECCEB66519DC005 /* Config */ = {
			isa = PBXGroup;
			children = (
				04DB6E03DFB1527ECCF656ED /* SOESecrets.swift */,
			);
			path = Config;
			sourceTree = "<group>";
		};
		3AB26560B87E8C9C5F18769A /* Resources */ = {
			isa = PBXGroup;
			children = (
				8038DC02E41F2BBBD06E91C3 /* audio */,
				BAC298D5DEA2AFBD541BD5FA /* rosie-speak.png */,
				D7C6FAAFC055C6990C65E156 /* scenes.json */,
			);
			path = Resources;
			sourceTree = "<group>";
		};
		4B034F4AD31D879C10AAEF76 /* Components */ = {
			isa = PBXGroup;
			children = (
				8CFB6B37551B951606DB017F /* Buttons.swift */,
				7A55D29D6BF04A877309C840 /* Chip.swift */,
				3AA37D3D2BA34F4F41A13871 /* FeedbackCard.swift */,
				8E1024BF11441B0DF13DB433 /* GrowthPanel.swift */,
				AA1AE03D6731E10B08753BD5 /* LiveWaveformView.swift */,
				4CEC8091605D23C3E2DA2210 /* PlantIcon.swift */,
				0BC7B8650E2F8668E3AE84F0 /* SceneGlyph.swift */,
			);
			path = Components;
			sourceTree = "<group>";
		};
		6EFB6A017991CDCE289B061D /* Frameworks */ = {
			isa = PBXGroup;
			children = (
				EE4A3F2D5B7DB98AF17797D1 /* AudioToolbox.framework */,
				5BB040183781532EB694982B /* CoreAudio.framework */,
				1C8323A8C6FA5AB165893CA2 /* CoreAudioKit.framework */,
				57C950AC438FCF8B853C9CEA /* libc++.tbd */,
				6C20F584E41AD901784FCA76 /* QCloudSOE.xcframework */,
				F069F33CB795919CC46BBEF6 /* VoiceCommon.xcframework */,
			);
			name = Frameworks;
			sourceTree = "<group>";
		};
		8BEF0EF670488CCFAB5C224F /* Screens */ = {
			isa = PBXGroup;
			children = (
				D904D480C80178E955492A06 /* ExamScreen.swift */,
				9F3CFA39D2B2AB721788A79D /* HomeScreen.swift */,
				CCA2932A0BB97506B55B8016 /* MeScreen.swift */,
				F22D9CED3053FBC51802D2C8 /* PracticeScreen.swift */,
				B7FC31FCB2729BB0EC622A0F /* ResultScreen.swift */,
				78A2D653EA9C5F521522FAEB /* ReviewScreen.swift */,
				BD2BC5D12DFD77686E73B66E /* SceneDetailScreen.swift */,
				4B94A98A3DF529F61F7C8B0D /* ScenesScreen.swift */,
			);
			path = Screens;
			sourceTree = "<group>";
		};
		8F17F5429891E4013E8B912B /* Models */ = {
			isa = PBXGroup;
			children = (
				A69C77D2791A520641FD166B /* AppStore.swift */,
				6363152520A8B285D1A0EB43 /* Models.swift */,
				32B74C667154E1D79E71236B /* PracticeLog.swift */,
				C6408606430974186B6146B0 /* SceneRepository.swift */,
			);
			path = Models;
			sourceTree = "<group>";
		};
		9874154040B8EFE02F1ADA7D /* Speak */ = {
			isa = PBXGroup;
			children = (
				7D729E71748796045856E105 /* Assets.xcassets */,
				C4DFEEF3678C4928EB1E0FDC /* Speak-Bridging-Header.h */,
				A80FCB51C25AC83E52659DB4 /* SpeakApp.swift */,
				CDC9379061DAED5A991EB817 /* Audio */,
				0A02F83A9E0F5715D300A119 /* Auth */,
				2035E5609ECCEB66519DC005 /* Config */,
				8F17F5429891E4013E8B912B /* Models */,
				3AB26560B87E8C9C5F18769A /* Resources */,
				17C8003BBA94F775B40E1129 /* Theme */,
				EB128C2859C26F3FEF3A3218 /* Views */,
			);
			path = Speak;
			sourceTree = "<group>";
		};
		A97696A07C56857213284DD3 = {
			isa = PBXGroup;
			children = (
				9874154040B8EFE02F1ADA7D /* Speak */,
				6EFB6A017991CDCE289B061D /* Frameworks */,
				B88CA9CC9B90B5751D4AB974 /* Products */,
			);
			indentWidth = 4;
			sourceTree = "<group>";
			tabWidth = 4;
			usesTabs = 0;
		};
		B88CA9CC9B90B5751D4AB974 /* Products */ = {
			isa = PBXGroup;
			children = (
				C8053313733A8336111B4F82 /* Speak.app */,
			);
			name = Products;
			sourceTree = "<group>";
		};
		CDC9379061DAED5A991EB817 /* Audio */ = {
			isa = PBXGroup;
			children = (
				8152D90230730D78582114FD /* AudioLibrary.swift */,
				A5C0CE2C4C0DEBD825995905 /* AudioSessionCoordinator.swift */,
				849B93D4AB5432F697EE7EF6 /* PronunciationScorer.swift */,
				0B278C80F31D276911C9D735 /* SpeechRecorder.swift */,
				F47046220A4463C20FA64EAF /* SpeechSpeaker.swift */,
				1412C91C603DF5DF5627EEF0 /* SOE */,
			);
			path = Audio;
			sourceTree = "<group>";
		};
		EB128C2859C26F3FEF3A3218 /* Views */ = {
			isa = PBXGroup;
			children = (
				D13A5BAE3DF667A9B2392D5A /* RootView.swift */,
				4B034F4AD31D879C10AAEF76 /* Components */,
				8BEF0EF670488CCFAB5C224F /* Screens */,
			);
			path = Views;
			sourceTree = "<group>";
		};
/* End PBXGroup section */

/* Begin PBXNativeTarget section */
		3598FA30E8EBE580498E8564 /* Speak */ = {
			isa = PBXNativeTarget;
			buildConfigurationList = 81C0DD1967B00B43641DED9C /* Build configuration list for PBXNativeTarget "Speak" */;
			buildPhases = (
				9738A5764BCFB2A7F7E44524 /* Sources */,
				1BD9846C345FA7F97A4B3809 /* Resources */,
				00B5CCBE5A55773FD138F993 /* Frameworks */,
				CB57DD86E97769A34616D536 /* Embed Frameworks */,
			);
			buildRules = (
			);
			dependencies = (
			);
			name = Speak;
			packageProductDependencies = (
			);
			productName = Speak;
			productReference = C8053313733A8336111B4F82 /* Speak.app */;
			productType = "com.apple.product-type.application";
		};
/* End PBXNativeTarget section */

/* Begin PBXProject section */
		8A1BE8D7925720B42F7392EA /* Project object */ = {
			isa = PBXProject;
			attributes = {
				BuildIndependentTargetsInParallel = YES;
				LastUpgradeCheck = 1430;
				TargetAttributes = {
					3598FA30E8EBE580498E8564 = {
						DevelopmentTeam = FQAVS46R89;
					};
				};
			};
			buildConfigurationList = 65219749624D4E042C491316 /* Build configuration list for PBXProject "Speak" */;
			developmentRegion = "zh-Hans";
			hasScannedForEncodings = 0;
			knownRegions = (
				Base,
				"zh-Hans",
			);
			mainGroup = A97696A07C56857213284DD3;
			minimizedProjectReferenceProxies = 1;
			preferredProjectObjectVersion = 77;
			productRefGroup = B88CA9CC9B90B5751D4AB974 /* Products */;
			projectDirPath = "";
			projectRoot = "";
			targets = (
				3598FA30E8EBE580498E8564 /* Speak */,
			);
		};
/* End PBXProject section */

/* Begin PBXResourcesBuildPhase section */
		1BD9846C345FA7F97A4B3809 /* Resources */ = {
			isa = PBXResourcesBuildPhase;
			buildActionMask = 2147483647;
			files = (
				DFB4613F8BA3E688A02B6913 /* Assets.xcassets in Resources */,
				2E6ED37B9123DECA0382ABCD /* audio in Resources */,
				89D636B6A9BB8FE520F06E12 /* rosie-speak.png in Resources */,
				F2D8A6C19F92BA61D2CB1CFA /* scenes.json in Resources */,
			);
			runOnlyForDeploymentPostprocessing = 0;
		};
/* End PBXResourcesBuildPhase section */

/* Begin PBXSourcesBuildPhase section */
		9738A5764BCFB2A7F7E44524 /* Sources */ = {
			isa = PBXSourcesBuildPhase;
			buildActionMask = 2147483647;
			files = (
				E7CF3483E73FE7849B15F670 /* AppStore.swift in Sources */,
				CA2262C21089B43AAEC9C90A /* AudioLibrary.swift in Sources */,
				B66FFC447238D4681CD750A7 /* AudioSessionCoordinator.swift in Sources */,
				52526179B4F9973EDF1FB8C0 /* AuthManager.swift in Sources */,
				B5D2616CBEAF896585BBE2CA /* Buttons.swift in Sources */,
				C21A5435240782E528829F01 /* Chip.swift in Sources */,
				4002A457A3C0D7F0A9DAADD9 /* ExamScreen.swift in Sources */,
				351E055C965A92885F32694C /* FeedbackCard.swift in Sources */,
				592F91EDB137BF828DF16B99 /* FileDataSource.m in Sources */,
				DC82C53B17162668D5708B52 /* GrowthPanel.swift in Sources */,
				1E46B430296F33C2395A9AA5 /* Haptics.swift in Sources */,
				D413540260B6336A0A7B7A63 /* HomeScreen.swift in Sources */,
				1AA606682321D01D3BF2D913 /* LiveWaveformView.swift in Sources */,
				FD4D7F1A1F76BA37414AC5AB /* LoginScreen.swift in Sources */,
				FD47AC6E228E3AC95A810DDC /* MeScreen.swift in Sources */,
				7E01345DEE04B7216A4605D1 /* Models.swift in Sources */,
				110E4393AF16575524CD1187 /* Palette.swift in Sources */,
				C28CA29BB6394E930FA5937A /* PlantIcon.swift in Sources */,
				D6F017E4D95952977C9B1678 /* PracticeLog.swift in Sources */,
				133A3F1CCFE153E48398B1C2 /* PracticeScreen.swift in Sources */,
				48883001700297ECD4E32E31 /* PronunciationScorer.swift in Sources */,
				323A638081F8A31AEBBDAFAB /* ResultScreen.swift in Sources */,
				B9F637D41C2500110F950548 /* ReviewScreen.swift in Sources */,
				2B550F038E422E1013055060 /* RootView.swift in Sources */,
				EAAC20EBF3CC2FE96494D079 /* SOESecrets.swift in Sources */,
				5410A8928BB40F12833DE0F9 /* SceneDetailScreen.swift in Sources */,
				291C2170DD4E4754A878E90C /* SceneGlyph.swift in Sources */,
				BF2A6F14A89A243F77BAB65B /* SceneRepository.swift in Sources */,
				88A52EF1D5CEFF04499275C6 /* ScenesScreen.swift in Sources */,
				9C144C283D05ED164CC1CC9A /* SpeakApp.swift in Sources */,
				C1145844A05E9D6796A04FCF /* SpeechRecorder.swift in Sources */,
				C256420646CFCFDC9115F9DC /* SpeechSpeaker.swift in Sources */,
				CA92A9A7565A3F02F1FFBB45 /* TencentSOE.swift in Sources */,
				9ADD7AAEF476173C42E32F9D /* ThemeManager.swift in Sources */,
				D6A1C9CFA23D90B13ADDF19C /* Typography.swift in Sources */,
			);
			runOnlyForDeploymentPostprocessing = 0;
		};
/* End PBXSourcesBuildPhase section */

/* Begin XCBuildConfiguration section */
		36FBB2830A4337F3CF34B46A /* Release */ = {
			isa = XCBuildConfiguration;
			buildSettings = {
				ALWAYS_SEARCH_USER_PATHS = NO;
				ASSETCATALOG_COMPILER_APPICON_NAME = AppIcon;
				ASSETCATALOG_COMPILER_GLOBAL_ACCENT_COLOR_NAME = AccentColor;
				CLANG_ANALYZER_NONNULL = YES;
				CLANG_ANALYZER_NUMBER_OBJECT_CONVERSION = YES_AGGRESSIVE;
				CLANG_CXX_LANGUAGE_STANDARD = "gnu++14";
				CLANG_CXX_LIBRARY = "libc++";
				CLANG_ENABLE_MODULES = YES;
				CLANG_ENABLE_OBJC_ARC = YES;
				CLANG_ENABLE_OBJC_WEAK = YES;
				CLANG_WARN_BLOCK_CAPTURE_AUTORELEASING = YES;
				CLANG_WARN_BOOL_CONVERSION = YES;
				CLANG_WARN_COMMA = YES;
				CLANG_WARN_CONSTANT_CONVERSION = YES;
				CLANG_WARN_DEPRECATED_OBJC_IMPLEMENTATIONS = YES;
				CLANG_WARN_DIRECT_OBJC_ISA_USAGE = YES_ERROR;
				CLANG_WARN_DOCUMENTATION_COMMENTS = YES;
				CLANG_WARN_EMPTY_BODY = YES;
				CLANG_WARN_ENUM_CONVERSION = YES;
				CLANG_WARN_INFINITE_RECURSION = YES;
				CLANG_WARN_INT_CONVERSION = YES;
				CLANG_WARN_NON_LITERAL_NULL_CONVERSION = YES;
				CLANG_WARN_OBJC_IMPLICIT_RETAIN_SELF = YES;
				CLANG_WARN_OBJC_LITERAL_CONVERSION = YES;
				CLANG_WARN_OBJC_ROOT_CLASS = YES_ERROR;
				CLANG_WARN_QUOTED_INCLUDE_IN_FRAMEWORK_HEADER = YES;
				CLANG_WARN_RANGE_LOOP_ANALYSIS = YES;
				CLANG_WARN_STRICT_PROTOTYPES = YES;
				CLANG_WARN_SUSPICIOUS_MOVE = YES;
				CLANG_WARN_UNGUARDED_AVAILABILITY = YES_AGGRESSIVE;
				CLANG_WARN_UNREACHABLE_CODE = YES;
				CLANG_WARN__DUPLICATE_METHOD_MATCH = YES;
				COPY_PHASE_STRIP = NO;
				CURRENT_PROJECT_VERSION = 1;
				DEBUG_INFORMATION_FORMAT = "dwarf-with-dsym";
				DEVELOPMENT_TEAM = FQAVS46R89;
				ENABLE_NS_ASSERTIONS = NO;
				ENABLE_STRICT_OBJC_MSGSEND = YES;
				ENABLE_USER_SCRIPT_SANDBOXING = NO;
				GCC_C_LANGUAGE_STANDARD = gnu11;
				GCC_NO_COMMON_BLOCKS = YES;
				GCC_WARN_64_TO_32_BIT_CONVERSION = YES;
				GCC_WARN_ABOUT_RETURN_TYPE = YES_ERROR;
				GCC_WARN_UNDECLARED_SELECTOR = YES;
				GCC_WARN_UNINITIALIZED_AUTOS = YES_AGGRESSIVE;
				GCC_WARN_UNUSED_FUNCTION = YES;
				GCC_WARN_UNUSED_VARIABLE = YES;
				GENERATE_INFOPLIST_FILE = YES;
				INFOPLIST_KEY_CFBundleDisplayName = "原版娃口语";
				INFOPLIST_KEY_NSMicrophoneUsageDescription = "需要访问麦克风来录制你的跟读发音，做识别和打分。";
				INFOPLIST_KEY_NSSpeechRecognitionUsageDescription = "把你录下的语音转成文字，用来做发音相似度评分。录音处理完全在设备本地进行。";
				INFOPLIST_KEY_UIApplicationSceneManifest_Generation = YES;
				INFOPLIST_KEY_UILaunchScreen_Generation = YES;
				INFOPLIST_KEY_UIRequiresFullScreen = YES;
				INFOPLIST_KEY_UIStatusBarStyle = UIStatusBarStyleDefault;
				INFOPLIST_KEY_UISupportedInterfaceOrientations_iPad = UIInterfaceOrientationPortrait;
				INFOPLIST_KEY_UISupportedInterfaceOrientations_iPhone = UIInterfaceOrientationPortrait;
				IPHONEOS_DEPLOYMENT_TARGET = 17.0;
				MARKETING_VERSION = 0.1.0;
				MTL_ENABLE_DEBUG_INFO = NO;
				MTL_FAST_MATH = YES;
				PRODUCT_NAME = "$(TARGET_NAME)";
				SDKROOT = iphoneos;
				SWIFT_COMPILATION_MODE = wholemodule;
				SWIFT_OBJC_BRIDGING_HEADER = "Speak/Speak-Bridging-Header.h";
				SWIFT_OPTIMIZATION_LEVEL = "-O";
				SWIFT_VERSION = 5.9;
			};
			name = Release;
		};
		79AC039CBB059959BD7EC05C /* Debug */ = {
			isa = XCBuildConfiguration;
			buildSettings = {
				ASSETCATALOG_COMPILER_APPICON_NAME = AppIcon;
				CODE_SIGN_IDENTITY = "iPhone Developer";
				FRAMEWORK_SEARCH_PATHS = (
					"$(inherited)",
					"\"Frameworks\"",
				);
				LD_RUNPATH_SEARCH_PATHS = (
					"$(inherited)",
					"@executable_path/Frameworks",
				);
				PRODUCT_BUNDLE_IDENTIFIER = com.yuanbanwa.speak;
				PRODUCT_NAME = Speak;
				SDKROOT = iphoneos;
				TARGETED_DEVICE_FAMILY = "1,2";
			};
			name = Debug;
		};
		7A7D452C0523EF78B2D8AB6E /* Debug */ = {
			isa = XCBuildConfiguration;
			buildSettings = {
				ALWAYS_SEARCH_USER_PATHS = NO;
				ASSETCATALOG_COMPILER_APPICON_NAME = AppIcon;
				ASSETCATALOG_COMPILER_GLOBAL_ACCENT_COLOR_NAME = AccentColor;
				CLANG_ANALYZER_NONNULL = YES;
				CLANG_ANALYZER_NUMBER_OBJECT_CONVERSION = YES_AGGRESSIVE;
				CLANG_CXX_LANGUAGE_STANDARD = "gnu++14";
				CLANG_CXX_LIBRARY = "libc++";
				CLANG_ENABLE_MODULES = YES;
				CLANG_ENABLE_OBJC_ARC = YES;
				CLANG_ENABLE_OBJC_WEAK = YES;
				CLANG_WARN_BLOCK_CAPTURE_AUTORELEASING = YES;
				CLANG_WARN_BOOL_CONVERSION = YES;
				CLANG_WARN_COMMA = YES;
				CLANG_WARN_CONSTANT_CONVERSION = YES;
				CLANG_WARN_DEPRECATED_OBJC_IMPLEMENTATIONS = YES;
				CLANG_WARN_DIRECT_OBJC_ISA_USAGE = YES_ERROR;
				CLANG_WARN_DOCUMENTATION_COMMENTS = YES;
				CLANG_WARN_EMPTY_BODY = YES;
				CLANG_WARN_ENUM_CONVERSION = YES;
				CLANG_WARN_INFINITE_RECURSION = YES;
				CLANG_WARN_INT_CONVERSION = YES;
				CLANG_WARN_NON_LITERAL_NULL_CONVERSION = YES;
				CLANG_WARN_OBJC_IMPLICIT_RETAIN_SELF = YES;
				CLANG_WARN_OBJC_LITERAL_CONVERSION = YES;
				CLANG_WARN_OBJC_ROOT_CLASS = YES_ERROR;
				CLANG_WARN_QUOTED_INCLUDE_IN_FRAMEWORK_HEADER = YES;
				CLANG_WARN_RANGE_LOOP_ANALYSIS = YES;
				CLANG_WARN_STRICT_PROTOTYPES = YES;
				CLANG_WARN_SUSPICIOUS_MOVE = YES;
				CLANG_WARN_UNGUARDED_AVAILABILITY = YES_AGGRESSIVE;
				CLANG_WARN_UNREACHABLE_CODE = YES;
				CLANG_WARN__DUPLICATE_METHOD_MATCH = YES;
				COPY_PHASE_STRIP = NO;
				CURRENT_PROJECT_VERSION = 1;
				DEBUG_INFORMATION_FORMAT = dwarf;
				DEVELOPMENT_TEAM = FQAVS46R89;
				ENABLE_STRICT_OBJC_MSGSEND = YES;
				ENABLE_TESTABILITY = YES;
				ENABLE_USER_SCRIPT_SANDBOXING = NO;
				GCC_C_LANGUAGE_STANDARD = gnu11;
				GCC_DYNAMIC_NO_PIC = NO;
				GCC_NO_COMMON_BLOCKS = YES;
				GCC_OPTIMIZATION_LEVEL = 0;
				GCC_PREPROCESSOR_DEFINITIONS = (
					"$(inherited)",
					"DEBUG=1",
				);
				GCC_WARN_64_TO_32_BIT_CONVERSION = YES;
				GCC_WARN_ABOUT_RETURN_TYPE = YES_ERROR;
				GCC_WARN_UNDECLARED_SELECTOR = YES;
				GCC_WARN_UNINITIALIZED_AUTOS = YES_AGGRESSIVE;
				GCC_WARN_UNUSED_FUNCTION = YES;
				GCC_WARN_UNUSED_VARIABLE = YES;
				GENERATE_INFOPLIST_FILE = YES;
				INFOPLIST_KEY_CFBundleDisplayName = "原版娃口语";
				INFOPLIST_KEY_NSMicrophoneUsageDescription = "需要访问麦克风来录制你的跟读发音，做识别和打分。";
				INFOPLIST_KEY_NSSpeechRecognitionUsageDescription = "把你录下的语音转成文字，用来做发音相似度评分。录音处理完全在设备本地进行。";
				INFOPLIST_KEY_UIApplicationSceneManifest_Generation = YES;
				INFOPLIST_KEY_UILaunchScreen_Generation = YES;
				INFOPLIST_KEY_UIRequiresFullScreen = YES;
				INFOPLIST_KEY_UIStatusBarStyle = UIStatusBarStyleDefault;
				INFOPLIST_KEY_UISupportedInterfaceOrientations_iPad = UIInterfaceOrientationPortrait;
				INFOPLIST_KEY_UISupportedInterfaceOrientations_iPhone = UIInterfaceOrientationPortrait;
				IPHONEOS_DEPLOYMENT_TARGET = 17.0;
				MARKETING_VERSION = 0.1.0;
				MTL_ENABLE_DEBUG_INFO = INCLUDE_SOURCE;
				MTL_FAST_MATH = YES;
				ONLY_ACTIVE_ARCH = YES;
				PRODUCT_NAME = "$(TARGET_NAME)";
				SDKROOT = iphoneos;
				SWIFT_ACTIVE_COMPILATION_CONDITIONS = DEBUG;
				SWIFT_OBJC_BRIDGING_HEADER = "Speak/Speak-Bridging-Header.h";
				SWIFT_OPTIMIZATION_LEVEL = "-Onone";
				SWIFT_VERSION = 5.9;
			};
			name = Debug;
		};
		D775DEA4CD80D2D6FE03E456 /* Release */ = {
			isa = XCBuildConfiguration;
			buildSettings = {
				ASSETCATALOG_COMPILER_APPICON_NAME = AppIcon;
				CODE_SIGN_IDENTITY = "iPhone Developer";
				FRAMEWORK_SEARCH_PATHS = (
					"$(inherited)",
					"\"Frameworks\"",
				);
				LD_RUNPATH_SEARCH_PATHS = (
					"$(inherited)",
					"@executable_path/Frameworks",
				);
				PRODUCT_BUNDLE_IDENTIFIER = com.yuanbanwa.speak;
				PRODUCT_NAME = Speak;
				SDKROOT = iphoneos;
				TARGETED_DEVICE_FAMILY = "1,2";
			};
			name = Release;
		};
/* End XCBuildConfiguration section */

/* Begin XCConfigurationList section */
		65219749624D4E042C491316 /* Build configuration list for PBXProject "Speak" */ = {
			isa = XCConfigurationList;
			buildConfigurations = (
				7A7D452C0523EF78B2D8AB6E /* Debug */,
				36FBB2830A4337F3CF34B46A /* Release */,
			);
			defaultConfigurationIsVisible = 0;
			defaultConfigurationName = Debug;
		};
		81C0DD1967B00B43641DED9C /* Build configuration list for PBXNativeTarget "Speak" */ = {
			isa = XCConfigurationList;
			buildConfigurations = (
				79AC039CBB059959BD7EC05C /* Debug */,
				D775DEA4CD80D2D6FE03E456 /* Release */,
			);
			defaultConfigurationIsVisible = 0;
			defaultConfigurationName = Debug;
		};
/* End XCConfigurationList section */
	};
	rootObject = 8A1BE8D7925720B42F7392EA /* Project object */;
}
